// !$*UTF8*$!
{
	archiveVersion = 1;
	classes = {
	};
	objectVersion = 50;
	objects = {

/* Begin PBXBuildFile section */
		0430AC5F224E12D600788093 /* CoreGraphicViewController.m in Sources */ = {isa = PBXBuildFile; fileRef = 0430AC5E224E12D600788093 /* CoreGraphicViewController.m */; };
		045738302105F6FD00F1279D /* SingletonViewContrller.m in Sources */ = {isa = PBXBuildFile; fileRef = 0457382F2105F6FD00F1279D /* SingletonViewContrller.m */; };
		045738332105F71800F1279D /* SingletonObject.m in Sources */ = {isa = PBXBuildFile; fileRef = 045738322105F71800F1279D /* SingletonObject.m */; };
		045738362105FB6B00F1279D /* AtuoReleaseSingletonObject.m in Sources */ = {isa = PBXBuildFile; fileRef = 045738352105FB6B00F1279D /* AtuoReleaseSingletonObject.m */; };
		048AEC482087465700D36093 /* AppDelegate.m in Sources */ = {isa = PBXBuildFile; fileRef = 048AEC472087465700D36093 /* AppDelegate.m */; };
		048AEC502087465800D36093 /* Assets.xcassets in Resources */ = {isa = PBXBuildFile; fileRef = 048AEC4F2087465800D36093 /* Assets.xcassets */; };
		048AEC532087465800D36093 /* LaunchScreen.storyboard in Resources */ = {isa = PBXBuildFile; fileRef = 048AEC512087465800D36093 /* LaunchScreen.storyboard */; };
		048AEC562087465800D36093 /* main.m in Sources */ = {isa = PBXBuildFile; fileRef = 048AEC552087465800D36093 /* main.m */; };
		1AA0864341B625DBC4FB9215 /* GCDViewController.m in Sources */ = {isa = PBXBuildFile; fileRef = 1AA0815AE2907CF3FEB8088A /* GCDViewController.m */; };
		1AA089982AA82F9CEE64AB4F /* MainViewController.m in Sources */ = {isa = PBXBuildFile; fileRef = 1AA08EEDD145A83861B1E24A /* MainViewController.m */; };
		1AA08A73E2B1E37D85916BC8 /* BasicViewController.m in Sources */ = {isa = PBXBuildFile; fileRef = 1AA08A6227A39B4C0A9AB390 /* BasicViewController.m */; };
/* End PBXBuildFile section */

/* Begin PBXFileReference section */
		0430AC5D224E12D600788093 /* CoreGraphicViewController.h */ = {isa = PBXFileReference; lastKnownFileType = sourcecode.c.h; path = CoreGraphicViewController.h; sourceTree = "<group>"; };
		0430AC5E224E12D600788093 /* CoreGraphicViewController.m */ = {isa = PBXFileReference; lastKnownFileType = sourcecode.c.objc; path = CoreGraphicViewController.m; sourceTree = "<group>"; };
		0457382E2105F6FD00F1279D /* SingletonViewContrller.h */ = {isa = PBXFileReference; lastKnownFileType = sourcecode.c.h; path = SingletonViewContrller.h; sourceTree = "<group>"; };
		0457382F2105F6FD00F1279D /* SingletonViewContrller.m */ = {isa = PBXFileReference; lastKnownFileType = sourcecode.c.objc; path = SingletonViewContrller.m; sourceTree = "<group>"; };
		045738312105F71800F1279D /* SingletonObject.h */ = {isa = PBXFileReference; lastKnownFileType = sourcecode.c.h; path = SingletonObject.h; sourceTree = "<group>"; };
		045738322105F71800F1279D /* SingletonObject.m */ = {isa = PBXFileReference; lastKnownFileType = sourcecode.c.objc; path = SingletonObject.m; sourceTree = "<group>"; };
		045738342105FB6B00F1279D /* AtuoReleaseSingletonObject.h */ = {isa = PBXFileReference; lastKnownFileType = sourcecode.c.h; path = AtuoReleaseSingletonObject.h; sourceTree = "<group>"; };
		045738352105FB6B00F1279D /* AtuoReleaseSingletonObject.m */ = {isa = PBXFileReference; lastKnownFileType = sourcecode.c.objc; path = AtuoReleaseSingletonObject.m; sourceTree = "<group>"; };
		048AEC432087465700D36093 /* Demo.app */ = {isa = PBXFileReference; explicitFileType = wrapper.application; includeInIndex = 0; path = Demo.app; sourceTree = BUILT_PRODUCTS_DIR; };
		048AEC462087465700D36093 /* AppDelegate.h */ = {isa = PBXFileReference; lastKnownFileType = sourcecode.c.h; path = AppDelegate.h; sourceTree = "<group>"; };
		048AEC472087465700D36093 /* AppDelegate.m */ = {isa = PBXFileReference; lastKnownFileType = sourcecode.c.objc; path = AppDelegate.m; sourceTree = "<group>"; };
		048AEC4F2087465800D36093 /* Assets.xcassets */ = {isa = PBXFileReference; lastKnownFileType = folder.assetcatalog; path = Assets.xcassets; sourceTree = "<group>"; };
		048AEC522087465800D36093 /* Base */ = {isa = PBXFileReference; lastKnownFileType = file.storyboard; name = Base; path = Base.lproj/LaunchScreen.storyboard; sourceTree = "<group>"; };
		048AEC542087465800D36093 /* Info.plist */ = {isa = PBXFileReference; lastKnownFileType = text.plist.xml; path = Info.plist; sourceTree = "<group>"; };
		048AEC552087465800D36093 /* main.m */ = {isa = PBXFileReference; lastKnownFileType = sourcecode.c.objc; path = main.m; sourceTree = "<group>"; };
		1AA0815AE2907CF3FEB8088A /* GCDViewController.m */ = {isa = PBXFileReference; fileEncoding = 4; lastKnownFileType = sourcecode.c.objc; path = GCDViewController.m; sourceTree = "<group>"; };
		1AA083D42E75EDFF1F1E258A /* MainViewController.h */ = {isa = PBXFileReference; fileEncoding = 4; lastKnownFileType = sourcecode.c.h; path = MainViewController.h; sourceTree = "<group>"; };
		1AA0882189A3925D27424F99 /* GCDViewController.h */ = {isa = PBXFileReference; fileEncoding = 4; lastKnownFileType = sourcecode.c.h; path = GCDViewController.h; sourceTree = "<group>"; };
		1AA08A6227A39B4C0A9AB390 /* BasicViewController.m */ = {isa = PBXFileReference; fileEncoding = 4; lastKnownFileType = sourcecode.c.objc; path = BasicViewController.m; sourceTree = "<group>"; };
		1AA08B19E27B0A31620001CC /* BasicViewController.h */ = {isa = PBXFileReference; fileEncoding = 4; lastKnownFileType = sourcecode.c.h; path = BasicViewController.h; sourceTree = "<group>"; };
		1AA08EEDD145A83861B1E24A /* MainViewController.m */ = {isa = PBXFileReference; fileEncoding = 4; lastKnownFileType = sourcecode.c.objc; path = MainViewController.m; sourceTree = "<group>"; };
/* End PBXFileReference section */

/* Begin PBXFrameworksBuildPhase section */
		048AEC402087465700D36093 /* Frameworks */ = {
			isa = PBXFrameworksBuildPhase;
			buildActionMask = 2147483647;
			files = (
			);
			runOnlyForDeploymentPostprocessing = 0;
		};
/* End PBXFrameworksBuildPhase section */

/* Begin PBXGroup section */
		048AEC3A2087465600D36093 = {
			isa = PBXGroup;
			children = (
				048AEC452087465700D36093 /* Demo */,
				048AEC442087465700D36093 /* Products */,
			);
			sourceTree = "<group>";
		};
		048AEC442087465700D36093 /* Products */ = {
			isa = PBXGroup;
			children = (
				048AEC432087465700D36093 /* Demo.app */,
			);
			name = Products;
			sourceTree = "<group>";
		};
		048AEC452087465700D36093 /* Demo */ = {
			isa = PBXGroup;
			children = (
				048AEC462087465700D36093 /* AppDelegate.h */,
				048AEC472087465700D36093 /* AppDelegate.m */,
				048AEC4F2087465800D36093 /* Assets.xcassets */,
				1AA08B19E27B0A31620001CC /* BasicViewController.h */,
				1AA08A6227A39B4C0A9AB390 /* BasicViewController.m */,
				1AA0882189A3925D27424F99 /* GCDViewController.h */,
				1AA0815AE2907CF3FEB8088A /* GCDViewController.m */,
				048AEC542087465800D36093 /* Info.plist */,
				048AEC512087465800D36093 /* LaunchScreen.storyboard */,
				048AEC552087465800D36093 /* main.m */,
				1AA083D42E75EDFF1F1E258A /* MainViewController.h */,
				1AA08EEDD145A83861B1E24A /* MainViewController.m */,
				045738312105F71800F1279D /* SingletonObject.h */,
				045738322105F71800F1279D /* SingletonObject.m */,
				045738342105FB6B00F1279D /* AtuoReleaseSingletonObject.h */,
				045738352105FB6B00F1279D /* AtuoReleaseSingletonObject.m */,
				0457382E2105F6FD00F1279D /* SingletonViewContrller.h */,
				0457382F2105F6FD00F1279D /* SingletonViewContrller.m */,
				0430AC5D224E12D600788093 /* CoreGraphicViewController.h */,
				0430AC5E224E12D600788093 /* CoreGraphicViewController.m */,
			);
			path = Demo;
			sourceTree = "<group>";
		};
/* End PBXGroup section */

/* Begin PBXNativeTarget section */
		048AEC422087465700D36093 /* Demo */ = {
			isa = PBXNativeTarget;
			buildConfigurationList = 048AEC592087465800D36093 /* Build configuration list for PBXNativeTarget "Demo" */;
			buildPhases = (
				048AEC3F2087465700D36093 /* Sources */,
				048AEC402087465700D36093 /* Frameworks */,
				048AEC412087465700D36093 /* Resources */,
			);
			buildRules = (
			);
			dependencies = (
			);
			name = Demo;
			productName = Demo;
			productReference = 048AEC432087465700D36093 /* Demo.app */;
			productType = "com.apple.product-type.application";
		};
/* End PBXNativeTarget section */

/* Begin PBXProject section */
		048AEC3B2087465600D36093 /* Project object */ = {
			isa = PBXProject;
			attributes = {
				LastUpgradeCheck = 0930;
				ORGANIZATIONNAME = UpChina;
				TargetAttributes = {
					048AEC422087465700D36093 = {
						CreatedOnToolsVersion = 9.3;
					};
				};
			};
			buildConfigurationList = 048AEC3E2087465600D36093 /* Build configuration list for PBXProject "Demo" */;
			compatibilityVersion = "Xcode 9.3";
			developmentRegion = en;
			hasScannedForEncodings = 0;
			knownRegions = (
				en,
				Base,
			);
			mainGroup = 048AEC3A2087465600D36093;
			productRefGroup = 048AEC442087465700D36093 /* Products */;
			projectDirPath = "";
			projectRoot = "";
			targets = (
				048AEC422087465700D36093 /* Demo */,
			);
		};
/* End PBXProject section */

/* Begin PBXResourcesBuildPhase section */
		048AEC412087465700D36093 /* Resources */ = {
			isa = PBXResourcesBuildPhase;
			buildActionMask = 2147483647;
			files = (
				048AEC532087465800D36093 /* LaunchScreen.storyboard in Resources */,
				048AEC502087465800D36093 /* Assets.xcassets in Resources */,
			);
			runOnlyForDeploymentPostprocessing = 0;
		};
/* End PBXResourcesBuildPhase section */

/* Begin PBXSourcesBuildPhase section */
		048AEC3F2087465700D36093 /* Sources */ = {
			isa = PBXSourcesBuildPhase;
			buildActionMask = 2147483647;
			files = (
				045738302105F6FD00F1279D /* SingletonViewContrller.m in Sources */,
				048AEC562087465800D36093 /* main.m in Sources */,
				048AEC482087465700D36093 /* AppDelegate.m in Sources */,
				045738362105FB6B00F1279D /* AtuoReleaseSingletonObject.m in Sources */,
				045738332105F71800F1279D /* SingletonObject.m in Sources */,
				1AA0864341B625DBC4FB9215 /* GCDViewController.m in Sources */,
				1AA089982AA82F9CEE64AB4F /* MainViewController.m in Sources */,
				1AA08A73E2B1E37D85916BC8 /* BasicViewController.m in Sources */,
				0430AC5F224E12D600788093 /* CoreGraphicViewController.m in Sources */,
			);
			runOnlyForDeploymentPostprocessing = 0;
		};
/* End PBXSourcesBuildPhase section */

/* Begin PBXVariantGroup section */
		048AEC512087465800D36093 /* LaunchScreen.storyboard */ = {
			isa = PBXVariantGroup;
			children = (
				048AEC522087465800D36093 /* Base */,
			);
			name = LaunchScreen.storyboard;
			sourceTree = "<group>";
		};
/* End PBXVariantGroup section */

/* Begin XCBuildConfiguration section */
		048AEC572087465800D36093 /* Debug */ = {
			isa = XCBuildConfiguration;
			buildSettings = {
				ALWAYS_SEARCH_USER_PATHS = NO;
				CLANG_ANALYZER_NONNULL = YES;
				CLANG_ANALYZER_NUMBER_OBJECT_CONVERSION = YES_AGGRESSIVE;
				CLANG_CXX_LANGUAGE_STANDARD = "gnu++14";
				CLANG_CXX_LIBRARY = "libc++";
				CLANG_ENABLE_MODULES = YES;
				CLANG_ENABLE_OBJC_ARC = YES;
				CLANG_ENABLE_OBJC_WEAK = YES;
				CLANG_WARN_BLOCK_CAPTURE_AUTORELEASING = YES;
				CLANG_WARN_BOOL_CONVERSION = YES;
				CLANG_WARN_COMMA = YES;
				CLANG_WARN_CONSTANT_CONVERSION = YES;
				CLANG_WARN_DEPRECATED_OBJC_IMPLEMENTATIONS = YES;
				CLANG_WARN_DIRECT_OBJC_ISA_USAGE = YES_ERROR;
				CLANG_WARN_DOCUMENTATION_COMMENTS = YES;
				CLANG_WARN_EMPTY_BODY = YES;
				CLANG_WARN_ENUM_CONVERSION = YES;
				CLANG_WARN_INFINITE_RECURSION = YES;
				CLANG_WARN_INT_CONVERSION = YES;
				CLANG_WARN_NON_LITERAL_NULL_CONVERSION = YES;
				CLANG_WARN_OBJC_IMPLICIT_RETAIN_SELF = YES;
				CLANG_WARN_OBJC_LITERAL_CONVERSION = YES;
				CLANG_WARN_OBJC_ROOT_CLASS = YES_ERROR;
				CLANG_WARN_RANGE_LOOP_ANALYSIS = YES;
				CLANG_WARN_STRICT_PROTOTYPES = YES;
				CLANG_WARN_SUSPICIOUS_MOVE = YES;
				CLANG_WARN_UNGUARDED_AVAILABILITY = YES_AGGRESSIVE;
				CLANG_WARN_UNREACHABLE_CODE = YES;
				CLANG_WARN__DUPLICATE_METHOD_MATCH = YES;
				CODE_SIGN_IDENTITY = "iPhone Developer";
				COPY_PHASE_STRIP = NO;
				DEBUG_INFORMATION_FORMAT = dwarf;
				ENABLE_STRICT_OBJC_MSGSEND = YES;
				ENABLE_TESTABILITY = YES;
				GCC_C_LANGUAGE_STANDARD = gnu11;
				GCC_DYNAMIC_NO_PIC = NO;
				GCC_NO_COMMON_BLOCKS = YES;
				GCC_OPTIMIZATION_LEVEL = 0;
				GCC_PREPROCESSOR_DEFINITIONS = (
					"DEBUG=1",
					"$(inherited)",
				);
				GCC_WARN_64_TO_32_BIT_CONVERSION = YES;
				GCC_WARN_ABOUT_RETURN_TYPE = YES_ERROR;
				GCC_WARN_UNDECLARED_SELECTOR = YES;
				GCC_WARN_UNINITIALIZED_AUTOS = YES_AGGRESSIVE;
				GCC_WARN_UNUSED_FUNCTION = YES;
				GCC_WARN_UNUSED_VARIABLE = YES;
				IPHONEOS_DEPLOYMENT_TARGET = 11.3;
				MTL_ENABLE_DEBUG_INFO = YES;
				ONLY_ACTIVE_ARCH = YES;
				SDKROOT = iphoneos;
			};
			name = Debug;
		};
		048AEC582087465800D36093 /* Release */ = {
			isa = XCBuildConfiguration;
			buildSettings = {
				ALWAYS_SEARCH_USER_PATHS = NO;
				CLANG_ANALYZER_NONNULL = YES;
				CLANG_ANALYZER_NUMBER_OBJECT_CONVERSION = YES_AGGRESSIVE;
				CLANG_CXX_LANGUAGE_STANDARD = "gnu++14";
				CLANG_CXX_LIBRARY = "libc++";
				CLANG_ENABLE_MODULES = YES;
				CLANG_ENABLE_OBJC_ARC = YES;
				CLANG_ENABLE_OBJC_WEAK = YES;
				CLANG_WARN_BLOCK_CAPTURE_AUTORELEASING = YES;
				CLANG_WARN_BOOL_CONVERSION = YES;
				CLANG_WARN_COMMA = YES;
				CLANG_WARN_CONSTANT_CONVERSION = YES;
				CLANG_WARN_DEPRECATED_OBJC_IMPLEMENTATIONS = YES;
				CLANG_WARN_DIRECT_OBJC_ISA_USAGE = YES_ERROR;
				CLANG_WARN_DOCUMENTATION_COMMENTS = YES;
				CLANG_WARN_EMPTY_BODY = YES;
				CLANG_WARN_ENUM_CONVERSION = YES;
				CLANG_WARN_INFINITE_RECURSION = YES;
				CLANG_WARN_INT_CONVERSION = YES;
				CLANG_WARN_NON_LITERAL_NULL_CONVERSION = YES;
				CLANG_WARN_OBJC_IMPLICIT_RETAIN_SELF = YES;
				CLANG_WARN_OBJC_LITERAL_CONVERSION = YES;
				CLANG_WARN_OBJC_ROOT_CLASS = YES_ERROR;
				CLANG_WARN_RANGE_LOOP_ANALYSIS = YES;
				CLANG_WARN_STRICT_PROTOTYPES = YES;
				CLANG_WARN_SUSPICIOUS_MOVE = YES;
				CLANG_WARN_UNGUARDED_AVAILABILITY = YES_AGGRESSIVE;
				CLANG_WARN_UNREACHABLE_CODE = YES;
				CLANG_WARN__DUPLICATE_METHOD_MATCH = YES;
				CODE_SIGN_IDENTITY = "iPhone Developer";
				COPY_PHASE_STRIP = NO;
				DEBUG_INFORMATION_FORMAT = "dwarf-with-dsym";
				ENABLE_NS_ASSERTIONS = NO;
				ENABLE_STRICT_OBJC_MSGSEND = YES;
				GCC_C_LANGUAGE_STANDARD = gnu11;
				GCC_NO_COMMON_BLOCKS = YES;
				GCC_WARN_64_TO_32_BIT_CONVERSION = YES;
				GCC_WARN_ABOUT_RETURN_TYPE = YES_ERROR;
				GCC_WARN_UNDECLARED_SELECTOR = YES;
				GCC_WARN_UNINITIALIZED_AUTOS = YES_AGGRESSIVE;
				GCC_WARN_UNUSED_FUNCTION = YES;
				GCC_WARN_UNUSED_VARIABLE = YES;
				IPHONEOS_DEPLOYMENT_TARGET = 11.3;
				MTL_ENABLE_DEBUG_INFO = NO;
				SDKROOT = iphoneos;
				VALIDATE_PRODUCT = YES;
			};
			name = Release;
		};
		048AEC5A2087465800D36093 /* Debug */ = {
			isa = XCBuildConfiguration;
			buildSettings = {
				ASSETCATALOG_COMPILER_APPICON_NAME = AppIcon;
				CODE_SIGN_STYLE = Automatic;
				DEVELOPMENT_TEAM = 2M9HU2EPR6;
				INFOPLIST_FILE = Demo/Info.plist;
				LD_RUNPATH_SEARCH_PATHS = (
					"$(inherited)",
					"@executable_path/Frameworks",
				);
				PRODUCT_BUNDLE_IDENTIFIER = com.nicreals.Demo;
				PRODUCT_NAME = "$(TARGET_NAME)";
				TARGETED_DEVICE_FAMILY = "1,2";
			};
			name = Debug;
		};
		048AEC5B2087465800D36093 /* Release */ = {
			isa = XCBuildConfiguration;
			buildSettings = {
				ASSETCATALOG_COMPILER_APPICON_NAME = AppIcon;
				CODE_SIGN_STYLE = Automatic;
				DEVELOPMENT_TEAM = 2M9HU2EPR6;
				INFOPLIST_FILE = Demo/Info.plist;
				LD_RUNPATH_SEARCH_PATHS = (
					"$(inherited)",
					"@executable_path/Frameworks",
				);
				PRODUCT_BUNDLE_IDENTIFIER = com.nicreals.Demo;
				PRODUCT_NAME = "$(TARGET_NAME)";
				TARGETED_DEVICE_FAMILY = "1,2";
			};
			name = Release;
		};
/* End XCBuildConfiguration section */

/* Begin XCConfigurationList section */
		048AEC3E2087465600D36093 /* Build configuration list for PBXProject "Demo" */ = {
			isa = XCConfigurationList;
			buildConfigurations = (
				048AEC572087465800D36093 /* Debug */,
				048AEC582087465800D36093 /* Release */,
			);
			defaultConfigurationIsVisible = 0;
			defaultConfigurationName = Release;
		};
		048AEC592087465800D36093 /* Build configuration list for PBXNativeTarget "Demo" */ = {
			isa = XCConfigurationList;
			buildConfigurations = (
				048AEC5A2087465800D36093 /* Debug */,
				048AEC5B2087465800D36093 /* Release */,
			);
			defaultConfigurationIsVisible = 0;
			defaultConfigurationName = Release;
		};
/* End XCConfigurationList section */
	};
	rootObject = 048AEC3B2087465600D36093 /* Project object */;
}
